// !$*UTF8*$!
{
	archiveVersion = 1;
	classes = {
	};
	objectVersion = 60;
	objects = {

/* Begin PBXBuildFile section */
		A10000000000000000000001 /* StrataApp.swift in Sources */ = {isa = PBXBuildFile; fileRef = B10000000000000000000001 /* StrataApp.swift */; };
		A10000000000000000000002 /* AudioTransport.swift in Sources */ = {isa = PBXBuildFile; fileRef = B10000000000000000000002 /* AudioTransport.swift */; };
		A10000000000000000000003 /* PlaybackController.swift in Sources */ = {isa = PBXBuildFile; fileRef = B10000000000000000000003 /* PlaybackController.swift */; };
		A10000000000000000000004 /* ContentView.swift in Sources */ = {isa = PBXBuildFile; fileRef = B10000000000000000000004 /* ContentView.swift */; };
		A10000000000000000000005 /* Assets.xcassets in Resources */ = {isa = PBXBuildFile; fileRef = B10000000000000000000005 /* Assets.xcassets */; };
		A10000000000000000000006 /* PlaybackControllerTests.swift in Sources */ = {isa = PBXBuildFile; fileRef = B10000000000000000000006 /* PlaybackControllerTests.swift */; };
		A10000000000000000000007 /* AppLifecycleDelegate.swift in Sources */ = {isa = PBXBuildFile; fileRef = B10000000000000000000007 /* AppLifecycleDelegate.swift */; };
		A10000000000000000000008 /* InferenceProtocol.swift in Sources */ = {isa = PBXBuildFile; fileRef = B10000000000000000000008 /* InferenceProtocol.swift */; };
		A10000000000000000000009 /* InferenceWorkerStateMachine.swift in Sources */ = {isa = PBXBuildFile; fileRef = B10000000000000000000009 /* InferenceWorkerStateMachine.swift */; };
		A1000000000000000000000A /* SeparationResult.swift in Sources */ = {isa = PBXBuildFile; fileRef = B1000000000000000000000A /* SeparationResult.swift */; };
		A1000000000000000000000B /* WorkerLaunchConfiguration.swift in Sources */ = {isa = PBXBuildFile; fileRef = B1000000000000000000000B /* WorkerLaunchConfiguration.swift */; };
		A1000000000000000000000C /* InferenceWorkerClient.swift in Sources */ = {isa = PBXBuildFile; fileRef = B1000000000000000000000C /* InferenceWorkerClient.swift */; };
		A1000000000000000000000D /* InferenceController.swift in Sources */ = {isa = PBXBuildFile; fileRef = B1000000000000000000000D /* InferenceController.swift */; };
		A1000000000000000000000E /* InferenceProtocolTests.swift in Sources */ = {isa = PBXBuildFile; fileRef = B1000000000000000000000E /* InferenceProtocolTests.swift */; };
		A1000000000000000000000F /* InferenceWorkerStateMachineTests.swift in Sources */ = {isa = PBXBuildFile; fileRef = B1000000000000000000000F /* InferenceWorkerStateMachineTests.swift */; };
		A10000000000000000000010 /* SeparationResultTests.swift in Sources */ = {isa = PBXBuildFile; fileRef = B10000000000000000000010 /* SeparationResultTests.swift */; };
		A10000000000000000000011 /* InferenceWorkerClientTests.swift in Sources */ = {isa = PBXBuildFile; fileRef = B10000000000000000000011 /* InferenceWorkerClientTests.swift */; };
		A10000000000000000000012 /* InferenceWorkerRealIntegrationTests.swift in Sources */ = {isa = PBXBuildFile; fileRef = B10000000000000000000012 /* InferenceWorkerRealIntegrationTests.swift */; };
		A10000000000000000000013 /* AppTerminationCoordinator.swift in Sources */ = {isa = PBXBuildFile; fileRef = B10000000000000000000013 /* AppTerminationCoordinator.swift */; };
		A10000000000000000000014 /* AppTerminationCoordinatorTests.swift in Sources */ = {isa = PBXBuildFile; fileRef = B10000000000000000000014 /* AppTerminationCoordinatorTests.swift */; };
		A10000000000000000000015 /* TrustedInferenceIdentity.swift in Sources */ = {isa = PBXBuildFile; fileRef = B10000000000000000000015 /* TrustedInferenceIdentity.swift */; };
		A10000000000000000000016 /* SeparationResultTrustedIdentityTests.swift in Sources */ = {isa = PBXBuildFile; fileRef = B10000000000000000000016 /* SeparationResultTrustedIdentityTests.swift */; };
		A10000000000000000000017 /* InferenceControllerShutdownTests.swift in Sources */ = {isa = PBXBuildFile; fileRef = B10000000000000000000017 /* InferenceControllerShutdownTests.swift */; };
		A10000000000000000000018 /* InferenceWorkerSolXHighTests.swift in Sources */ = {isa = PBXBuildFile; fileRef = B10000000000000000000018 /* InferenceWorkerSolXHighTests.swift */; };
		A10000000000000000000019 /* YouTubeIngestClient.swift in Sources */ = {isa = PBXBuildFile; fileRef = B10000000000000000000019 /* YouTubeIngestClient.swift */; };
		A1000000000000000000001A /* YouTubeIngestClientTests.swift in Sources */ = {isa = PBXBuildFile; fileRef = B1000000000000000000001A /* YouTubeIngestClientTests.swift */; };
		A1000000000000000000001B /* InferenceControllerYouTubeTests.swift in Sources */ = {isa = PBXBuildFile; fileRef = B1000000000000000000001B /* InferenceControllerYouTubeTests.swift */; };
		A1000000000000000000001D /* InferenceCardYouTubeUITest.swift in Sources */ = {isa = PBXBuildFile; fileRef = B1000000000000000000001D /* InferenceCardYouTubeUITest.swift */; };
		A1000000000000000000001E /* MultiStemAudioTransport.swift in Sources */ = {isa = PBXBuildFile; fileRef = B1000000000000000000001E /* MultiStemAudioTransport.swift */; };
		A1000000000000000000001F /* MultiStemAudioTransportTests.swift in Sources */ = {isa = PBXBuildFile; fileRef = B1000000000000000000001F /* MultiStemAudioTransportTests.swift */; };
		A10000000000000000000020 /* StemPlaybackController.swift in Sources */ = {isa = PBXBuildFile; fileRef = B10000000000000000000020 /* StemPlaybackController.swift */; };
		A10000000000000000000021 /* StemPlaybackControllerTests.swift in Sources */ = {isa = PBXBuildFile; fileRef = B10000000000000000000021 /* StemPlaybackControllerTests.swift */; };
		A10000000000000000000022 /* StemExporter.swift in Sources */ = {isa = PBXBuildFile; fileRef = B10000000000000000000022 /* StemExporter.swift */; };
		A10000000000000000000023 /* StemExporterTests.swift in Sources */ = {isa = PBXBuildFile; fileRef = B10000000000000000000023 /* StemExporterTests.swift */; };
		A10000000000000000000024 /* ExportFolderPreference.swift in Sources */ = {isa = PBXBuildFile; fileRef = B10000000000000000000024 /* ExportFolderPreference.swift */; };
		A10000000000000000000025 /* ExportFolderPreferenceTests.swift in Sources */ = {isa = PBXBuildFile; fileRef = B10000000000000000000025 /* ExportFolderPreferenceTests.swift */; };
		A10000000000000000000026 /* EditableMetadataTests.swift in Sources */ = {isa = PBXBuildFile; fileRef = B10000000000000000000026 /* EditableMetadataTests.swift */; };
		A10000000000000000000027 /* WaveformProvider.swift in Sources */ = {isa = PBXBuildFile; fileRef = B10000000000000000000027 /* WaveformProvider.swift */; };
		A10000000000000000000028 /* StrataStackView.swift in Sources */ = {isa = PBXBuildFile; fileRef = B10000000000000000000028 /* StrataStackView.swift */; };
		A10000000000000000000029 /* StrataDisplayOrderTests.swift in Sources */ = {isa = PBXBuildFile; fileRef = B10000000000000000000029 /* StrataDisplayOrderTests.swift */; };
		A1000000000000000000002A /* WaveformProviderTests.swift in Sources */ = {isa = PBXBuildFile; fileRef = B1000000000000000000002A /* WaveformProviderTests.swift */; };
		A1000000000000000000002B /* LoadedSourcePresentationTests.swift in Sources */ = {isa = PBXBuildFile; fileRef = B1000000000000000000002B /* LoadedSourcePresentationTests.swift */; };
		A1000000000000000000002C /* StemGainTests.swift in Sources */ = {isa = PBXBuildFile; fileRef = B1000000000000000000002C /* StemGainTests.swift */; };
		A1000000000000000000002D /* StrataProject.swift in Sources */ = {isa = PBXBuildFile; fileRef = B1000000000000000000002D /* StrataProject.swift */; };
		A1000000000000000000002E /* StrataProjectPersistence.swift in Sources */ = {isa = PBXBuildFile; fileRef = B1000000000000000000002E /* StrataProjectPersistence.swift */; };
		A1000000000000000000002F /* StrataProjectTests.swift in Sources */ = {isa = PBXBuildFile; fileRef = B1000000000000000000002F /* StrataProjectTests.swift */; };
		A10000000000000000000030 /* StrataProjectPersistenceTests.swift in Sources */ = {isa = PBXBuildFile; fileRef = B10000000000000000000030 /* StrataProjectPersistenceTests.swift */; };
		A10000000000000000000031 /* StrataProjectReopenTests.swift in Sources */ = {isa = PBXBuildFile; fileRef = B10000000000000000000031 /* StrataProjectReopenTests.swift */; };
		A10000000000000000000032 /* WorkerJobIdentityTests.swift in Sources */ = {isa = PBXBuildFile; fileRef = B10000000000000000000032 /* WorkerJobIdentityTests.swift */; };
		A10000000000000000000033 /* LocalAudioIngestClient.swift in Sources */ = {isa = PBXBuildFile; fileRef = B10000000000000000000033 /* LocalAudioIngestClient.swift */; };
		A10000000000000000000034 /* LocalAudioIngestClientTests.swift in Sources */ = {isa = PBXBuildFile; fileRef = B10000000000000000000034 /* LocalAudioIngestClientTests.swift */; };
		A10000000000000000000035 /* InferenceControllerLocalTests.swift in Sources */ = {isa = PBXBuildFile; fileRef = B10000000000000000000035 /* InferenceControllerLocalTests.swift */; };
		A10000000000000000000036 /* AudioIngestSupport.swift in Sources */ = {isa = PBXBuildFile; fileRef = B10000000000000000000036 /* AudioIngestSupport.swift */; };
		A10000000000000000000037 /* RuntimeReadiness.swift in Sources */ = {isa = PBXBuildFile; fileRef = B10000000000000000000037 /* RuntimeReadiness.swift */; };
		A10000000000000000000038 /* RuntimeReadinessTests.swift in Sources */ = {isa = PBXBuildFile; fileRef = B10000000000000000000038 /* RuntimeReadinessTests.swift */; };
		A10000000000000000000039 /* LocalMP3ExportTests.swift in Sources */ = {isa = PBXBuildFile; fileRef = B10000000000000000000039 /* LocalMP3ExportTests.swift */; };
		A1000000000000000000003A /* StorageLocationPreferences.swift in Sources */ = {isa = PBXBuildFile; fileRef = B1000000000000000000003A /* StorageLocationPreferences.swift */; };
		A1000000000000000000003B /* StorageLocationPreferencesTests.swift in Sources */ = {isa = PBXBuildFile; fileRef = B1000000000000000000003B /* StorageLocationPreferencesTests.swift */; };
		A1000000000000000000003C /* AboutView.swift in Sources */ = {isa = PBXBuildFile; fileRef = B1000000000000000000003C /* AboutView.swift */; };
/* End PBXBuildFile section */

/* Begin PBXFileReference section */
		B10000000000000000000001 /* StrataApp.swift */ = {isa = PBXFileReference; lastKnownFileType = sourcecode.swift; path = StrataApp.swift; sourceTree = "<group>"; };
		B10000000000000000000002 /* AudioTransport.swift */ = {isa = PBXFileReference; lastKnownFileType = sourcecode.swift; path = AudioTransport.swift; sourceTree = "<group>"; };
		B10000000000000000000003 /* PlaybackController.swift */ = {isa = PBXFileReference; lastKnownFileType = sourcecode.swift; path = PlaybackController.swift; sourceTree = "<group>"; };
		B10000000000000000000004 /* ContentView.swift */ = {isa = PBXFileReference; lastKnownFileType = sourcecode.swift; path = ContentView.swift; sourceTree = "<group>"; };
		B10000000000000000000005 /* Assets.xcassets */ = {isa = PBXFileReference; lastKnownFileType = folder.assetcatalog; path = Assets.xcassets; sourceTree = "<group>"; };
		B10000000000000000000006 /* PlaybackControllerTests.swift */ = {isa = PBXFileReference; lastKnownFileType = sourcecode.swift; path = PlaybackControllerTests.swift; sourceTree = "<group>"; };
		C00000000000000000000001 /* Strata.app */ = {isa = PBXFileReference; explicitFileType = wrapper.application; includeInIndex = 0; path = Strata.app; sourceTree = BUILT_PRODUCTS_DIR; };
		C00000000000000000000002 /* StrataTests.xctest */ = {isa = PBXFileReference; explicitFileType = wrapper.cfbundle; includeInIndex = 0; path = StrataTests.xctest; sourceTree = BUILT_PRODUCTS_DIR; };
		B10000000000000000000007 /* AppLifecycleDelegate.swift */ = {isa = PBXFileReference; lastKnownFileType = sourcecode.swift; path = AppLifecycleDelegate.swift; sourceTree = "<group>"; };
		B10000000000000000000008 /* InferenceProtocol.swift */ = {isa = PBXFileReference; lastKnownFileType = sourcecode.swift; path = InferenceProtocol.swift; sourceTree = "<group>"; };
		B10000000000000000000009 /* InferenceWorkerStateMachine.swift */ = {isa = PBXFileReference; lastKnownFileType = sourcecode.swift; path = InferenceWorkerStateMachine.swift; sourceTree = "<group>"; };
		B1000000000000000000000A /* SeparationResult.swift */ = {isa = PBXFileReference; lastKnownFileType = sourcecode.swift; path = SeparationResult.swift; sourceTree = "<group>"; };
		B1000000000000000000000B /* WorkerLaunchConfiguration.swift */ = {isa = PBXFileReference; lastKnownFileType = sourcecode.swift; path = WorkerLaunchConfiguration.swift; sourceTree = "<group>"; };
		B1000000000000000000000C /* InferenceWorkerClient.swift */ = {isa = PBXFileReference; lastKnownFileType = sourcecode.swift; path = InferenceWorkerClient.swift; sourceTree = "<group>"; };
		B1000000000000000000000D /* InferenceController.swift */ = {isa = PBXFileReference; lastKnownFileType = sourcecode.swift; path = InferenceController.swift; sourceTree = "<group>"; };
		B1000000000000000000000E /* InferenceProtocolTests.swift */ = {isa = PBXFileReference; lastKnownFileType = sourcecode.swift; path = InferenceProtocolTests.swift; sourceTree = "<group>"; };
		B1000000000000000000000F /* InferenceWorkerStateMachineTests.swift */ = {isa = PBXFileReference; lastKnownFileType = sourcecode.swift; path = InferenceWorkerStateMachineTests.swift; sourceTree = "<group>"; };
		B10000000000000000000010 /* SeparationResultTests.swift */ = {isa = PBXFileReference; lastKnownFileType = sourcecode.swift; path = SeparationResultTests.swift; sourceTree = "<group>"; };
		B10000000000000000000011 /* InferenceWorkerClientTests.swift */ = {isa = PBXFileReference; lastKnownFileType = sourcecode.swift; path = InferenceWorkerClientTests.swift; sourceTree = "<group>"; };
		B10000000000000000000012 /* InferenceWorkerRealIntegrationTests.swift */ = {isa = PBXFileReference; lastKnownFileType = sourcecode.swift; path = InferenceWorkerRealIntegrationTests.swift; sourceTree = "<group>"; };
		B10000000000000000000013 /* AppTerminationCoordinator.swift */ = {isa = PBXFileReference; lastKnownFileType = sourcecode.swift; path = AppTerminationCoordinator.swift; sourceTree = "<group>"; };
		B10000000000000000000014 /* AppTerminationCoordinatorTests.swift */ = {isa = PBXFileReference; lastKnownFileType = sourcecode.swift; path = AppTerminationCoordinatorTests.swift; sourceTree = "<group>"; };
		B10000000000000000000015 /* TrustedInferenceIdentity.swift */ = {isa = PBXFileReference; lastKnownFileType = sourcecode.swift; path = TrustedInferenceIdentity.swift; sourceTree = "<group>"; };
		B10000000000000000000016 /* SeparationResultTrustedIdentityTests.swift */ = {isa = PBXFileReference; lastKnownFileType = sourcecode.swift; path = SeparationResultTrustedIdentityTests.swift; sourceTree = "<group>"; };
		B10000000000000000000017 /* InferenceControllerShutdownTests.swift */ = {isa = PBXFileReference; lastKnownFileType = sourcecode.swift; path = InferenceControllerShutdownTests.swift; sourceTree = "<group>"; };
		B10000000000000000000018 /* InferenceWorkerSolXHighTests.swift */ = {isa = PBXFileReference; lastKnownFileType = sourcecode.swift; path = InferenceWorkerSolXHighTests.swift; sourceTree = "<group>"; };
		B10000000000000000000019 /* YouTubeIngestClient.swift */ = {isa = PBXFileReference; lastKnownFileType = sourcecode.swift; path = YouTubeIngestClient.swift; sourceTree = "<group>"; };
		B1000000000000000000001A /* YouTubeIngestClientTests.swift */ = {isa = PBXFileReference; lastKnownFileType = sourcecode.swift; path = YouTubeIngestClientTests.swift; sourceTree = "<group>"; };
		B1000000000000000000001B /* InferenceControllerYouTubeTests.swift */ = {isa = PBXFileReference; lastKnownFileType = sourcecode.swift; path = InferenceControllerYouTubeTests.swift; sourceTree = "<group>"; };
		B1000000000000000000001D /* InferenceCardYouTubeUITest.swift */ = {isa = PBXFileReference; lastKnownFileType = sourcecode.swift; path = InferenceCardYouTubeUITest.swift; sourceTree = "<group>"; };
		B1000000000000000000001E /* MultiStemAudioTransport.swift */ = {isa = PBXFileReference; lastKnownFileType = sourcecode.swift; path = MultiStemAudioTransport.swift; sourceTree = "<group>"; };
		B1000000000000000000001F /* MultiStemAudioTransportTests.swift */ = {isa = PBXFileReference; lastKnownFileType = sourcecode.swift; path = MultiStemAudioTransportTests.swift; sourceTree = "<group>"; };
		B10000000000000000000020 /* StemPlaybackController.swift */ = {isa = PBXFileReference; lastKnownFileType = sourcecode.swift; path = StemPlaybackController.swift; sourceTree = "<group>"; };
		B10000000000000000000021 /* StemPlaybackControllerTests.swift */ = {isa = PBXFileReference; lastKnownFileType = sourcecode.swift; path = StemPlaybackControllerTests.swift; sourceTree = "<group>"; };
		B10000000000000000000022 /* StemExporter.swift */ = {isa = PBXFileReference; lastKnownFileType = sourcecode.swift; path = StemExporter.swift; sourceTree = "<group>"; };
		B10000000000000000000023 /* StemExporterTests.swift */ = {isa = PBXFileReference; lastKnownFileType = sourcecode.swift; path = StemExporterTests.swift; sourceTree = "<group>"; };
		B10000000000000000000024 /* ExportFolderPreference.swift */ = {isa = PBXFileReference; lastKnownFileType = sourcecode.swift; path = ExportFolderPreference.swift; sourceTree = "<group>"; };
		B10000000000000000000025 /* ExportFolderPreferenceTests.swift */ = {isa = PBXFileReference; lastKnownFileType = sourcecode.swift; path = ExportFolderPreferenceTests.swift; sourceTree = "<group>"; };
		B10000000000000000000026 /* EditableMetadataTests.swift */ = {isa = PBXFileReference; lastKnownFileType = sourcecode.swift; path = EditableMetadataTests.swift; sourceTree = "<group>"; };
		B10000000000000000000027 /* WaveformProvider.swift */ = {isa = PBXFileReference; lastKnownFileType = sourcecode.swift; path = WaveformProvider.swift; sourceTree = "<group>"; };
		B10000000000000000000028 /* StrataStackView.swift */ = {isa = PBXFileReference; lastKnownFileType = sourcecode.swift; path = StrataStackView.swift; sourceTree = "<group>"; };
		B10000000000000000000029 /* StrataDisplayOrderTests.swift */ = {isa = PBXFileReference; lastKnownFileType = sourcecode.swift; path = StrataDisplayOrderTests.swift; sourceTree = "<group>"; };
		B1000000000000000000002A /* WaveformProviderTests.swift */ = {isa = PBXFileReference; lastKnownFileType = sourcecode.swift; path = WaveformProviderTests.swift; sourceTree = "<group>"; };
		B1000000000000000000002B /* LoadedSourcePresentationTests.swift */ = {isa = PBXFileReference; lastKnownFileType = sourcecode.swift; path = LoadedSourcePresentationTests.swift; sourceTree = "<group>"; };
		B1000000000000000000002C /* StemGainTests.swift */ = {isa = PBXFileReference; lastKnownFileType = sourcecode.swift; path = StemGainTests.swift; sourceTree = "<group>"; };
		B1000000000000000000002D /* StrataProject.swift */ = {isa = PBXFileReference; lastKnownFileType = sourcecode.swift; path = StrataProject.swift; sourceTree = "<group>"; };
		B1000000000000000000002E /* StrataProjectPersistence.swift */ = {isa = PBXFileReference; lastKnownFileType = sourcecode.swift; path = StrataProjectPersistence.swift; sourceTree = "<group>"; };
		B1000000000000000000002F /* StrataProjectTests.swift */ = {isa = PBXFileReference; lastKnownFileType = sourcecode.swift; path = StrataProjectTests.swift; sourceTree = "<group>"; };
		B10000000000000000000030 /* StrataProjectPersistenceTests.swift */ = {isa = PBXFileReference; lastKnownFileType = sourcecode.swift; path = StrataProjectPersistenceTests.swift; sourceTree = "<group>"; };
		B10000000000000000000031 /* StrataProjectReopenTests.swift */ = {isa = PBXFileReference; lastKnownFileType = sourcecode.swift; path = StrataProjectReopenTests.swift; sourceTree = "<group>"; };
		B10000000000000000000032 /* WorkerJobIdentityTests.swift */ = {isa = PBXFileReference; lastKnownFileType = sourcecode.swift; path = WorkerJobIdentityTests.swift; sourceTree = "<group>"; };
		B10000000000000000000033 /* LocalAudioIngestClient.swift */ = {isa = PBXFileReference; lastKnownFileType = sourcecode.swift; path = LocalAudioIngestClient.swift; sourceTree = "<group>"; };
		B10000000000000000000034 /* LocalAudioIngestClientTests.swift */ = {isa = PBXFileReference; lastKnownFileType = sourcecode.swift; path = LocalAudioIngestClientTests.swift; sourceTree = "<group>"; };
		B10000000000000000000035 /* InferenceControllerLocalTests.swift */ = {isa = PBXFileReference; lastKnownFileType = sourcecode.swift; path = InferenceControllerLocalTests.swift; sourceTree = "<group>"; };
		B10000000000000000000036 /* AudioIngestSupport.swift */ = {isa = PBXFileReference; lastKnownFileType = sourcecode.swift; path = AudioIngestSupport.swift; sourceTree = "<group>"; };
		B10000000000000000000037 /* RuntimeReadiness.swift */ = {isa = PBXFileReference; lastKnownFileType = sourcecode.swift; path = RuntimeReadiness.swift; sourceTree = "<group>"; };
		B10000000000000000000038 /* RuntimeReadinessTests.swift */ = {isa = PBXFileReference; lastKnownFileType = sourcecode.swift; path = RuntimeReadinessTests.swift; sourceTree = "<group>"; };
		B10000000000000000000039 /* LocalMP3ExportTests.swift */ = {isa = PBXFileReference; lastKnownFileType = sourcecode.swift; path = LocalMP3ExportTests.swift; sourceTree = "<group>"; };
		B1000000000000000000003A /* StorageLocationPreferences.swift */ = {isa = PBXFileReference; lastKnownFileType = sourcecode.swift; path = StorageLocationPreferences.swift; sourceTree = "<group>"; };
		B1000000000000000000003B /* StorageLocationPreferencesTests.swift */ = {isa = PBXFileReference; lastKnownFileType = sourcecode.swift; path = StorageLocationPreferencesTests.swift; sourceTree = "<group>"; };
		B1000000000000000000003C /* AboutView.swift */ = {isa = PBXFileReference; lastKnownFileType = sourcecode.swift; path = AboutView.swift; sourceTree = "<group>"; };
		C00000000000000000000003 /* StrataUITests.xctest */ = {isa = PBXFileReference; explicitFileType = wrapper.cfbundle; includeInIndex = 0; path = StrataUITests.xctest; sourceTree = BUILT_PRODUCTS_DIR; };
/* End PBXFileReference section */

/* Begin PBXFrameworksBuildPhase section */
		D10000000000000000000001 /* Frameworks */ = {
			isa = PBXFrameworksBuildPhase;
			buildActionMask = 2147483647;
			files = (
			);
			runOnlyForDeploymentPostprocessing = 0;
		};
		D10000000000000000000002 /* Frameworks */ = {
			isa = PBXFrameworksBuildPhase;
			buildActionMask = 2147483647;
			files = (
			);
			runOnlyForDeploymentPostprocessing = 0;
		};
		D10000000000000000000003 /* Frameworks */ = {
			isa = PBXFrameworksBuildPhase;
			buildActionMask = 2147483647;
			files = (
			);
			runOnlyForDeploymentPostprocessing = 0;
		};
/* End PBXFrameworksBuildPhase section */

/* Begin PBXGroup section */
		E00000000000000000000001 = {
			isa = PBXGroup;
			children = (
				E00000000000000000000002 /* Strata */,
				E00000000000000000000006 /* StrataTests */,
				E0000000000000000000000B /* StrataUITests */,
				E00000000000000000000007 /* Products */,
			);
			sourceTree = "<group>";
		};
		E00000000000000000000002 /* Strata */ = {
			isa = PBXGroup;
			children = (
				E0000000000000000000000C /* About */,
				E00000000000000000000003 /* Audio */,
				E00000000000000000000008 /* Application */,
				E00000000000000000000009 /* Inference */,
				E0000000000000000000000A /* Ingest */,
				E00000000000000000000004 /* Views */,
				B10000000000000000000001 /* StrataApp.swift */,
				B10000000000000000000005 /* Assets.xcassets */,
			);
			path = Strata;
			sourceTree = "<group>";
		};
		E00000000000000000000003 /* Audio */ = {
			isa = PBXGroup;
			children = (
				B10000000000000000000002 /* AudioTransport.swift */,
				B10000000000000000000003 /* PlaybackController.swift */,
				B1000000000000000000001E /* MultiStemAudioTransport.swift */,
				B10000000000000000000020 /* StemPlaybackController.swift */,
				B10000000000000000000027 /* WaveformProvider.swift */,
			);
			path = Audio;
			sourceTree = "<group>";
		};
		E0000000000000000000000C /* About */ = {
			isa = PBXGroup;
			children = (
				B1000000000000000000003C /* AboutView.swift */,
			);
			path = About;
			sourceTree = "<group>";
		};
		E00000000000000000000004 /* Views */ = {
			isa = PBXGroup;
			children = (
				B10000000000000000000004 /* ContentView.swift */,
				B10000000000000000000028 /* StrataStackView.swift */,
			);
			path = Views;
			sourceTree = "<group>";
		};
		E00000000000000000000008 /* Application */ = {
			isa = PBXGroup;
			children = (
				B10000000000000000000007 /* AppLifecycleDelegate.swift */,
				B10000000000000000000013 /* AppTerminationCoordinator.swift */,
				B10000000000000000000022 /* StemExporter.swift */,
				B10000000000000000000024 /* ExportFolderPreference.swift */,
				B1000000000000000000003A /* StorageLocationPreferences.swift */,
				B1000000000000000000002D /* StrataProject.swift */,
				B1000000000000000000002E /* StrataProjectPersistence.swift */,
			);
			path = Application;
			sourceTree = "<group>";
		};
		E00000000000000000000009 /* Inference */ = {
			isa = PBXGroup;
			children = (
				B10000000000000000000008 /* InferenceProtocol.swift */,
				B10000000000000000000009 /* InferenceWorkerStateMachine.swift */,
				B1000000000000000000000A /* SeparationResult.swift */,
				B1000000000000000000000B /* WorkerLaunchConfiguration.swift */,
				B1000000000000000000000C /* InferenceWorkerClient.swift */,
				B1000000000000000000000D /* InferenceController.swift */,
				B10000000000000000000015 /* TrustedInferenceIdentity.swift */,
				B10000000000000000000037 /* RuntimeReadiness.swift */,
			);
			path = Inference;
			sourceTree = "<group>";
		};
		E0000000000000000000000A /* Ingest */ = {
			isa = PBXGroup;
			children = (
				B10000000000000000000036 /* AudioIngestSupport.swift */,
				B10000000000000000000019 /* YouTubeIngestClient.swift */,
				B10000000000000000000033 /* LocalAudioIngestClient.swift */,
			);
			path = Ingest;
			sourceTree = "<group>";
		};
		E00000000000000000000006 /* StrataTests */ = {
			isa = PBXGroup;
			children = (
				B10000000000000000000006 /* PlaybackControllerTests.swift */,
				B1000000000000000000000E /* InferenceProtocolTests.swift */,
				B1000000000000000000000F /* InferenceWorkerStateMachineTests.swift */,
				B10000000000000000000010 /* SeparationResultTests.swift */,
				B10000000000000000000011 /* InferenceWorkerClientTests.swift */,
				B10000000000000000000012 /* InferenceWorkerRealIntegrationTests.swift */,
				B10000000000000000000014 /* AppTerminationCoordinatorTests.swift */,
				B10000000000000000000016 /* SeparationResultTrustedIdentityTests.swift */,
				B10000000000000000000017 /* InferenceControllerShutdownTests.swift */,
				B10000000000000000000018 /* InferenceWorkerSolXHighTests.swift */,
				B1000000000000000000001A /* YouTubeIngestClientTests.swift */,
				B1000000000000000000001B /* InferenceControllerYouTubeTests.swift */,
				B1000000000000000000001F /* MultiStemAudioTransportTests.swift */,
				B10000000000000000000021 /* StemPlaybackControllerTests.swift */,
				B10000000000000000000023 /* StemExporterTests.swift */,
				B10000000000000000000025 /* ExportFolderPreferenceTests.swift */,
				B10000000000000000000026 /* EditableMetadataTests.swift */,
				B10000000000000000000029 /* StrataDisplayOrderTests.swift */,
				B1000000000000000000002A /* WaveformProviderTests.swift */,
				B1000000000000000000002B /* LoadedSourcePresentationTests.swift */,
				B1000000000000000000002C /* StemGainTests.swift */,
				B1000000000000000000002F /* StrataProjectTests.swift */,
				B10000000000000000000030 /* StrataProjectPersistenceTests.swift */,
				B10000000000000000000031 /* StrataProjectReopenTests.swift */,
				B10000000000000000000032 /* WorkerJobIdentityTests.swift */,
				B10000000000000000000034 /* LocalAudioIngestClientTests.swift */,
				B10000000000000000000035 /* InferenceControllerLocalTests.swift */,
				B10000000000000000000038 /* RuntimeReadinessTests.swift */,
				B10000000000000000000039 /* LocalMP3ExportTests.swift */,
				B1000000000000000000003B /* StorageLocationPreferencesTests.swift */,
			);
			path = StrataTests;
			sourceTree = "<group>";
		};
		E0000000000000000000000B /* StrataUITests */ = {
			isa = PBXGroup;
			children = (
				B1000000000000000000001D /* InferenceCardYouTubeUITest.swift */,
			);
			path = StrataUITests;
			sourceTree = "<group>";
		};
		E00000000000000000000007 /* Products */ = {
			isa = PBXGroup;
			children = (
				C00000000000000000000001 /* Strata.app */,
				C00000000000000000000002 /* StrataTests.xctest */,
				C00000000000000000000003 /* StrataUITests.xctest */,
			);
			name = Products;
			sourceTree = "<group>";
		};
/* End PBXGroup section */

/* Begin PBXNativeTarget section */
		F00000000000000000000001 /* Strata */ = {
			isa = PBXNativeTarget;
			buildConfigurationList = 100000000000000000000001 /* Build configuration list for PBXNativeTarget "Strata" */;
			buildPhases = (
				G00000000000000000000001 /* Sources */,
				D10000000000000000000001 /* Frameworks */,
				J00000000000000000000001 /* Generate AboutMetadata.json */,
				G00000000000000000000002 /* Resources */,
			);
			buildRules = (
			);
			dependencies = (
			);
			name = Strata;
			productName = Strata;
			productReference = C00000000000000000000001 /* Strata.app */;
			productType = "com.apple.product-type.application";
		};
		F00000000000000000000002 /* StrataTests */ = {
			isa = PBXNativeTarget;
			buildConfigurationList = 100000000000000000000002 /* Build configuration list for PBXNativeTarget "StrataTests" */;
			buildPhases = (
				G00000000000000000000003 /* Sources */,
				D10000000000000000000002 /* Frameworks */,
				G00000000000000000000004 /* Resources */,
			);
			buildRules = (
			);
			dependencies = (
				H00000000000000000000001 /* PBXTargetDependency */,
			);
			name = StrataTests;
			productName = StrataTests;
			productReference = C00000000000000000000002 /* StrataTests.xctest */;
			productType = "com.apple.product-type.bundle.unit-test";
		};
		F00000000000000000000003 /* StrataUITests */ = {
			isa = PBXNativeTarget;
			buildConfigurationList = 100000000000000000000004 /* Build configuration list for PBXNativeTarget "StrataUITests" */;
			buildPhases = (
				G00000000000000000000005 /* Sources */,
				D10000000000000000000003 /* Frameworks */,
				G00000000000000000000006 /* Resources */,
			);
			buildRules = (
			);
			dependencies = (
				H00000000000000000000003 /* PBXTargetDependency */,
			);
			name = StrataUITests;
			productName = StrataUITests;
			productReference = C00000000000000000000003 /* StrataUITests.xctest */;
			productType = "com.apple.product-type.bundle.ui-testing";
		};
/* End PBXNativeTarget section */

/* Begin PBXProject section */
		100000000000000000000000 /* Project object */ = {
			isa = PBXProject;
			attributes = {
				BuildIndependentTargetsInParallel = 1;
				LastSwiftUpdateCheck = 2600;
				LastUpgradeCheck = 2600;
				TargetAttributes = {
					F00000000000000000000001 = {
						CreatedOnToolsVersion = 26.0;
					};
					F00000000000000000000002 = {
						CreatedOnToolsVersion = 26.0;
						TestTargetID = F00000000000000000000001;
					};
					F00000000000000000000003 = {
						CreatedOnToolsVersion = 26.0;
						TestTargetID = F00000000000000000000001;
					};
				};
			};
			buildConfigurationList = 100000000000000000000003 /* Build configuration list for PBXProject "Strata" */;
			compatibilityVersion = "Xcode 14.0";
			developmentRegion = en;
			hasScannedForEncodings = 0;
			knownRegions = (
				en,
				Base,
			);
			mainGroup = E00000000000000000000001;
			productRefGroup = E00000000000000000000007 /* Products */;
			projectDirPath = "";
			projectRoot = "";
			targets = (
				F00000000000000000000001 /* Strata */,
				F00000000000000000000002 /* StrataTests */,
				F00000000000000000000003 /* StrataUITests */,
			);
		};
/* End PBXProject section */

/* Begin PBXResourcesBuildPhase section */
		G00000000000000000000002 /* Resources */ = {
			isa = PBXResourcesBuildPhase;
			buildActionMask = 2147483647;
			files = (
				A10000000000000000000005 /* Assets.xcassets in Resources */,
			);
			runOnlyForDeploymentPostprocessing = 0;
		};
		G00000000000000000000004 /* Resources */ = {
			isa = PBXResourcesBuildPhase;
			buildActionMask = 2147483647;
			files = (
			);
			runOnlyForDeploymentPostprocessing = 0;
		};
		G00000000000000000000006 /* Resources */ = {
			isa = PBXResourcesBuildPhase;
			buildActionMask = 2147483647;
			files = (
			);
			runOnlyForDeploymentPostprocessing = 0;
		};
/* End PBXResourcesBuildPhase section */

/* Begin PBXShellScriptBuildPhase section */
		J00000000000000000000001 /* Generate AboutMetadata.json */ = {
			isa = PBXShellScriptBuildPhase;
			buildActionMask = 2147483647;
			files = (
			);
			inputPaths = (
				"$(SRCROOT)/InferenceWorker/pyproject.toml",
				"$(SRCROOT)/InferenceWorker/uv.lock",
				"$(SRCROOT)/InferenceWorker/.python-version",
				"$(SRCROOT)/scripts/generate-about-metadata.py",
			);
			outputPaths = (
				"$(TARGET_BUILD_DIR)/$(UNLOCALIZED_RESOURCES_FOLDER_PATH)/AboutMetadata.json",
			);
			runOnlyForDeploymentPostprocessing = 0;
			shellPath = /bin/sh;
			shellScript = "set -euo pipefail\nOUTPUT=\"${TARGET_BUILD_DIR}/${UNLOCALIZED_RESOURCES_FOLDER_PATH}/AboutMetadata.json\"\nmkdir -p \"${OUTPUT%/*}\"\npython3 \"${SRCROOT}/scripts/generate-about-metadata.py\" --pyproject \"${SRCROOT}/InferenceWorker/pyproject.toml\" --lock \"${SRCROOT}/InferenceWorker/uv.lock\" --python-version \"${SRCROOT}/InferenceWorker/.python-version\" --output \"$OUTPUT\"\necho \"Generated AboutMetadata.json at $OUTPUT\"\n";
			name = "Generate AboutMetadata.json";
		};
/* End PBXShellScriptBuildPhase section */

/* Begin PBXSourcesBuildPhase section */
		G00000000000000000000001 /* Sources */ = {
			isa = PBXSourcesBuildPhase;
			buildActionMask = 2147483647;
			files = (
				A10000000000000000000001 /* StrataApp.swift in Sources */,
				A10000000000000000000002 /* AudioTransport.swift in Sources */,
				A10000000000000000000003 /* PlaybackController.swift in Sources */,
				A1000000000000000000001E /* MultiStemAudioTransport.swift in Sources */,
				A10000000000000000000020 /* StemPlaybackController.swift in Sources */,
				A10000000000000000000027 /* WaveformProvider.swift in Sources */,
				A10000000000000000000004 /* ContentView.swift in Sources */,
				A10000000000000000000028 /* StrataStackView.swift in Sources */,
				A10000000000000000000007 /* AppLifecycleDelegate.swift in Sources */,
				A10000000000000000000013 /* AppTerminationCoordinator.swift in Sources */,
				A10000000000000000000008 /* InferenceProtocol.swift in Sources */,
				A10000000000000000000009 /* InferenceWorkerStateMachine.swift in Sources */,
				A1000000000000000000000A /* SeparationResult.swift in Sources */,
				A1000000000000000000000B /* WorkerLaunchConfiguration.swift in Sources */,
				A1000000000000000000000C /* InferenceWorkerClient.swift in Sources */,
				A1000000000000000000000D /* InferenceController.swift in Sources */,
				A10000000000000000000015 /* TrustedInferenceIdentity.swift in Sources */,
				A10000000000000000000036 /* AudioIngestSupport.swift in Sources */,
				A10000000000000000000019 /* YouTubeIngestClient.swift in Sources */,
				A10000000000000000000033 /* LocalAudioIngestClient.swift in Sources */,
				A10000000000000000000037 /* RuntimeReadiness.swift in Sources */,
				A1000000000000000000003C /* AboutView.swift in Sources */,
				A10000000000000000000022 /* StemExporter.swift in Sources */,
				A10000000000000000000024 /* ExportFolderPreference.swift in Sources */,
				A1000000000000000000003A /* StorageLocationPreferences.swift in Sources */,
				A1000000000000000000002D /* StrataProject.swift in Sources */,
				A1000000000000000000002E /* StrataProjectPersistence.swift in Sources */,
			);
			runOnlyForDeploymentPostprocessing = 0;
		};
		G00000000000000000000003 /* Sources */ = {
			isa = PBXSourcesBuildPhase;
			buildActionMask = 2147483647;
			files = (
				A10000000000000000000006 /* PlaybackControllerTests.swift in Sources */,
				A1000000000000000000000E /* InferenceProtocolTests.swift in Sources */,
				A1000000000000000000000F /* InferenceWorkerStateMachineTests.swift in Sources */,
				A10000000000000000000010 /* SeparationResultTests.swift in Sources */,
				A10000000000000000000011 /* InferenceWorkerClientTests.swift in Sources */,
				A10000000000000000000012 /* InferenceWorkerRealIntegrationTests.swift in Sources */,
				A10000000000000000000014 /* AppTerminationCoordinatorTests.swift in Sources */,
				A10000000000000000000016 /* SeparationResultTrustedIdentityTests.swift in Sources */,
				A10000000000000000000017 /* InferenceControllerShutdownTests.swift in Sources */,
				A10000000000000000000018 /* InferenceWorkerSolXHighTests.swift in Sources */,
				A1000000000000000000001A /* YouTubeIngestClientTests.swift in Sources */,
				A1000000000000000000001B /* InferenceControllerYouTubeTests.swift in Sources */,
				A1000000000000000000001F /* MultiStemAudioTransportTests.swift in Sources */,
				A10000000000000000000021 /* StemPlaybackControllerTests.swift in Sources */,
				A10000000000000000000023 /* StemExporterTests.swift in Sources */,
				A10000000000000000000025 /* ExportFolderPreferenceTests.swift in Sources */,
				A10000000000000000000026 /* EditableMetadataTests.swift in Sources */,
				A10000000000000000000029 /* StrataDisplayOrderTests.swift in Sources */,
				A1000000000000000000002A /* WaveformProviderTests.swift in Sources */,
				A1000000000000000000002B /* LoadedSourcePresentationTests.swift in Sources */,
				A1000000000000000000002C /* StemGainTests.swift in Sources */,
				A1000000000000000000002F /* StrataProjectTests.swift in Sources */,
				A10000000000000000000030 /* StrataProjectPersistenceTests.swift in Sources */,
				A10000000000000000000031 /* StrataProjectReopenTests.swift in Sources */,
				A10000000000000000000032 /* WorkerJobIdentityTests.swift in Sources */,
				A10000000000000000000034 /* LocalAudioIngestClientTests.swift in Sources */,
				A10000000000000000000035 /* InferenceControllerLocalTests.swift in Sources */,
				A10000000000000000000038 /* RuntimeReadinessTests.swift in Sources */,
				A10000000000000000000039 /* LocalMP3ExportTests.swift in Sources */,
				A1000000000000000000003B /* StorageLocationPreferencesTests.swift in Sources */,
			);
			runOnlyForDeploymentPostprocessing = 0;
		};
		G00000000000000000000005 /* Sources */ = {
			isa = PBXSourcesBuildPhase;
			buildActionMask = 2147483647;
			files = (
				A1000000000000000000001D /* InferenceCardYouTubeUITest.swift in Sources */,
			);
			runOnlyForDeploymentPostprocessing = 0;
		};
/* End PBXSourcesBuildPhase section */

/* Begin PBXTargetDependency section */
		H00000000000000000000001 /* PBXTargetDependency */ = {
			isa = PBXTargetDependency;
			target = F00000000000000000000001 /* Strata */;
			targetProxy = H00000000000000000000002 /* PBXContainerItemProxy */;
		};
		H00000000000000000000003 /* PBXTargetDependency */ = {
			isa = PBXTargetDependency;
			target = F00000000000000000000001 /* Strata */;
			targetProxy = H00000000000000000000004 /* PBXContainerItemProxy */;
		};
/* End PBXTargetDependency section */

/* Begin PBXContainerItemProxy section */
		H00000000000000000000002 /* PBXContainerItemProxy */ = {
			isa = PBXContainerItemProxy;
			containerPortal = 100000000000000000000000 /* Project object */;
			proxyType = 1;
			remoteGlobalIDString = F00000000000000000000001;
			remoteInfo = Strata;
		};
		H00000000000000000000004 /* PBXContainerItemProxy */ = {
			isa = PBXContainerItemProxy;
			containerPortal = 100000000000000000000000 /* Project object */;
			proxyType = 1;
			remoteGlobalIDString = F00000000000000000000001;
			remoteInfo = Strata;
		};
/* End PBXContainerItemProxy section */

/* Begin XCBuildConfiguration section */
		I00000000000000000000001 /* Debug */ = {
			isa = XCBuildConfiguration;
			buildSettings = {
				ALWAYS_SEARCH_USER_PATHS = NO;
				ASSETCATALOG_COMPILER_APPICON_NAME = AppIcon;
				ASSETCATALOG_COMPILER_GENERATE_SWIFT_ASSET_SYMBOL_EXTENSIONS = YES;
				CLANG_ANALYZER_NONNULL = YES;
				CLANG_ANALYZER_NUMBER_OBJECT_CONVERSION = YES_AGGRESSIVE;
				CLANG_CXX_LANGUAGE_STANDARD = "gnu++20";
				CLANG_ENABLE_MODULES = YES;
				CLANG_ENABLE_OBJC_ARC = YES;
				CLANG_ENABLE_OBJC_WEAK = YES;
				CLANG_WARN_BLOCK_CAPTURE_AUTORELEASING = YES;
				CLANG_WARN_BOOL_CONVERSION = YES;
				CLANG_WARN_COMMA = YES;
				CLANG_WARN_CONSTANT_CONVERSION = YES;
				CLANG_WARN_DEPRECATED_OBJC_IMPLEMENTATIONS = YES;
				CLANG_WARN_DIRECT_OBJC_ISA_USAGE = YES_ERROR;
				CLANG_WARN_DOCUMENTATION_COMMENTS = YES;
				CLANG_WARN_EMPTY_BODY = YES;
				CLANG_WARN_ENUM_CONVERSION = YES;
				CLANG_WARN_INFINITE_RECURSION = YES;
				CLANG_WARN_INT_CONVERSION = YES;
				CLANG_WARN_NON_LITERAL_NULL_CONVERSION = YES;
				CLANG_WARN_OBJC_IMPLICIT_RETAIN_SELF = YES;
				CLANG_WARN_OBJC_LITERAL_CONVERSION = YES;
				CLANG_WARN_OBJC_ROOT_CLASS = YES_ERROR;
				CLANG_WARN_QUOTED_INCLUDE_IN_FRAMEWORK_HEADER = YES;
				CLANG_WARN_RANGE_LOOP_ANALYSIS = YES;
				CLANG_WARN_STRICT_PROTOTYPES = YES;
				CLANG_WARN_SUSPICIOUS_MOVE = YES;
				CLANG_WARN_UNGUARDED_AVAILABILITY = YES_AGGRESSIVE;
				CLANG_WARN_UNREACHABLE_CODE = YES;
				CLANG_WARN__DUPLICATE_METHOD_MATCH = YES;
				COPY_PHASE_STRIP = NO;
				DEBUG_INFORMATION_FORMAT = dwarf;
				ENABLE_STRICT_OBJC_MSGSEND = YES;
				ENABLE_TESTABILITY = YES;
				ENABLE_USER_SCRIPT_SANDBOXING = YES;
				GCC_C_LANGUAGE_STANDARD = gnu17;
				GCC_DYNAMIC_NO_PIC = NO;
				GCC_NO_COMMON_BLOCKS = YES;
				GCC_OPTIMIZATION_LEVEL = 0;
				GCC_PREPROCESSOR_DEFINITIONS = (
					"DEBUG=1",
					"$(inherited)",
				);
				GCC_WARN_64_TO_32_BIT_CONVERSION = YES;
				GCC_WARN_ABOUT_RETURN_TYPE = YES_ERROR;
				GCC_WARN_UNDECLARED_SELECTOR = YES;
				GCC_WARN_UNINITIALIZED_AUTOS = YES_AGGRESSIVE;
				GCC_WARN_UNUSED_FUNCTION = YES;
				GCC_WARN_UNUSED_VARIABLE = YES;
				LOCALIZATION_PREFERS_STRING_CATALOGS = YES;
				MACOSX_DEPLOYMENT_TARGET = 26.0;
				MTL_ENABLE_DEBUG_INFO = INCLUDE_SOURCE;
				MTL_FAST_MATH = YES;
				ONLY_ACTIVE_ARCH = YES;
				SDKROOT = macosx;
				SWIFT_ACTIVE_COMPILATION_CONDITIONS = "$(inherited) DEBUG";
				SWIFT_OPTIMIZATION_LEVEL = "-Onone";
				SWIFT_VERSION = 6.0;
			};
			name = Debug;
		};
		I00000000000000000000002 /* Release */ = {
			isa = XCBuildConfiguration;
			buildSettings = {
				ALWAYS_SEARCH_USER_PATHS = NO;
				ASSETCATALOG_COMPILER_APPICON_NAME = AppIcon;
				ASSETCATALOG_COMPILER_GENERATE_SWIFT_ASSET_SYMBOL_EXTENSIONS = YES;
				CLANG_ANALYZER_NONNULL = YES;
				CLANG_ANALYZER_NUMBER_OBJECT_CONVERSION = YES_AGGRESSIVE;
				CLANG_CXX_LANGUAGE_STANDARD = "gnu++20";
				CLANG_ENABLE_MODULES = YES;
				CLANG_ENABLE_OBJC_ARC = YES;
				CLANG_ENABLE_OBJC_WEAK = YES;
				CLANG_WARN_BLOCK_CAPTURE_AUTORELEASING = YES;
				CLANG_WARN_BOOL_CONVERSION = YES;
				CLANG_WARN_COMMA = YES;
				CLANG_WARN_CONSTANT_CONVERSION = YES;
				CLANG_WARN_DEPRECATED_OBJC_IMPLEMENTATIONS = YES;
				CLANG_WARN_DIRECT_OBJC_ISA_USAGE = YES_ERROR;
				CLANG_WARN_DOCUMENTATION_COMMENTS = YES;
				CLANG_WARN_EMPTY_BODY = YES;
				CLANG_WARN_ENUM_CONVERSION = YES;
				CLANG_WARN_INFINITE_RECURSION = YES;
				CLANG_WARN_INT_CONVERSION = YES;
				CLANG_WARN_NON_LITERAL_NULL_CONVERSION = YES;
				CLANG_WARN_OBJC_IMPLICIT_RETAIN_SELF = YES;
				CLANG_WARN_OBJC_LITERAL_CONVERSION = YES;
				CLANG_WARN_OBJC_ROOT_CLASS = YES_ERROR;
				CLANG_WARN_QUOTED_INCLUDE_IN_FRAMEWORK_HEADER = YES;
				CLANG_WARN_RANGE_LOOP_ANALYSIS = YES;
				CLANG_WARN_STRICT_PROTOTYPES = YES;
				CLANG_WARN_SUSPICIOUS_MOVE = YES;
				CLANG_WARN_UNGUARDED_AVAILABILITY = YES_AGGRESSIVE;
				CLANG_WARN_UNREACHABLE_CODE = YES;
				CLANG_WARN__DUPLICATE_METHOD_MATCH = YES;
				COPY_PHASE_STRIP = NO;
				DEBUG_INFORMATION_FORMAT = "dwarf-with-dsym";
				ENABLE_NS_ASSERTIONS = NO;
				ENABLE_STRICT_OBJC_MSGSEND = YES;
				ENABLE_USER_SCRIPT_SANDBOXING = YES;
				GCC_C_LANGUAGE_STANDARD = gnu17;
				GCC_NO_COMMON_BLOCKS = YES;
				GCC_WARN_64_TO_32_BIT_CONVERSION = YES;
				GCC_WARN_ABOUT_RETURN_TYPE = YES_ERROR;
				GCC_WARN_UNDECLARED_SELECTOR = YES;
				GCC_WARN_UNINITIALIZED_AUTOS = YES_AGGRESSIVE;
				GCC_WARN_UNUSED_FUNCTION = YES;
				GCC_WARN_UNUSED_VARIABLE = YES;
				LOCALIZATION_PREFERS_STRING_CATALOGS = YES;
				MACOSX_DEPLOYMENT_TARGET = 26.0;
				MTL_ENABLE_DEBUG_INFO = NO;
				MTL_FAST_MATH = YES;
				SDKROOT = macosx;
				SWIFT_COMPILATION_MODE = wholemodule;
				SWIFT_VERSION = 6.0;
			};
			name = Release;
		};
		I00000000000000000000003 /* Debug */ = {
			isa = XCBuildConfiguration;
			buildSettings = {
				ASSETCATALOG_COMPILER_APPICON_NAME = AppIcon;
				ASSETCATALOG_COMPILER_GLOBAL_ACCENT_COLOR_NAME = AccentColor;
				CODE_SIGN_STYLE = Automatic;
				COMBINE_HIDPI_IMAGES = YES;
				CURRENT_PROJECT_VERSION = 1;
				GENERATE_INFOPLIST_FILE = YES;
				INFOPLIST_FILE = "";
				INFOPLIST_KEY_CFBundleDisplayName = Strata;
				INFOPLIST_KEY_LSApplicationCategoryType = "public.app-category.music";
				LD_RUNPATH_SEARCH_PATHS = (
					"$(inherited)",
					"@executable_path/../Frameworks",
				);
				MACOSX_DEPLOYMENT_TARGET = 26.0;
				MARKETING_VERSION = 1.0;
				PRODUCT_BUNDLE_IDENTIFIER = org.mzb74.Strata;
				PRODUCT_NAME = "$(TARGET_NAME)";
				SWIFT_EMIT_LOC_STRINGS = YES;
				SWIFT_VERSION = 6.0;
			};
			name = Debug;
		};
		I00000000000000000000004 /* Release */ = {
			isa = XCBuildConfiguration;
			buildSettings = {
				ASSETCATALOG_COMPILER_APPICON_NAME = AppIcon;
				ASSETCATALOG_COMPILER_GLOBAL_ACCENT_COLOR_NAME = AccentColor;
				CODE_SIGN_STYLE = Automatic;
				COMBINE_HIDPI_IMAGES = YES;
				CURRENT_PROJECT_VERSION = 1;
				GENERATE_INFOPLIST_FILE = YES;
				INFOPLIST_FILE = "";
				INFOPLIST_KEY_CFBundleDisplayName = Strata;
				INFOPLIST_KEY_LSApplicationCategoryType = "public.app-category.music";
				LD_RUNPATH_SEARCH_PATHS = (
					"$(inherited)",
					"@executable_path/../Frameworks",
				);
				MACOSX_DEPLOYMENT_TARGET = 26.0;
				MARKETING_VERSION = 1.0;
				PRODUCT_BUNDLE_IDENTIFIER = org.mzb74.Strata;
				PRODUCT_NAME = "$(TARGET_NAME)";
				SWIFT_EMIT_LOC_STRINGS = YES;
				SWIFT_VERSION = 6.0;
			};
			name = Release;
		};
		I00000000000000000000005 /* Debug */ = {
			isa = XCBuildConfiguration;
			buildSettings = {
				BUNDLE_LOADER = "$(TEST_HOST)";
				CODE_SIGN_STYLE = Automatic;
				CURRENT_PROJECT_VERSION = 1;
				GENERATE_INFOPLIST_FILE = YES;
				MACOSX_DEPLOYMENT_TARGET = 26.0;
				MARKETING_VERSION = 1.0;
				PRODUCT_BUNDLE_IDENTIFIER = org.mzb74.StrataTests;
				PRODUCT_NAME = "$(TARGET_NAME)";
				SWIFT_EMIT_LOC_STRINGS = NO;
				SWIFT_VERSION = 6.0;
				TEST_HOST = "$(BUILT_PRODUCTS_DIR)/Strata.app/$(BUNDLE_EXECUTABLE_FOLDER_PATH)/Strata";
			};
			name = Debug;
		};
		I00000000000000000000006 /* Release */ = {
			isa = XCBuildConfiguration;
			buildSettings = {
				BUNDLE_LOADER = "$(TEST_HOST)";
				CODE_SIGN_STYLE = Automatic;
				CURRENT_PROJECT_VERSION = 1;
				GENERATE_INFOPLIST_FILE = YES;
				MACOSX_DEPLOYMENT_TARGET = 26.0;
				MARKETING_VERSION = 1.0;
				PRODUCT_BUNDLE_IDENTIFIER = org.mzb74.StrataTests;
				PRODUCT_NAME = "$(TARGET_NAME)";
				SWIFT_EMIT_LOC_STRINGS = NO;
				SWIFT_VERSION = 6.0;
				TEST_HOST = "$(BUILT_PRODUCTS_DIR)/Strata.app/$(BUNDLE_EXECUTABLE_FOLDER_PATH)/Strata";
			};
			name = Release;
		};
		I00000000000000000000007 /* Debug */ = {
			isa = XCBuildConfiguration;
			buildSettings = {
				CODE_SIGN_STYLE = Automatic;
				CURRENT_PROJECT_VERSION = 1;
				GENERATE_INFOPLIST_FILE = YES;
				MACOSX_DEPLOYMENT_TARGET = 26.0;
				MARKETING_VERSION = 1.0;
				PRODUCT_BUNDLE_IDENTIFIER = org.mzb74.StrataUITests;
				PRODUCT_NAME = "$(TARGET_NAME)";
				SWIFT_EMIT_LOC_STRINGS = NO;
				SWIFT_VERSION = 6.0;
				TEST_TARGET_NAME = Strata;
			};
			name = Debug;
		};
		I00000000000000000000008 /* Release */ = {
			isa = XCBuildConfiguration;
			buildSettings = {
				CODE_SIGN_STYLE = Automatic;
				CURRENT_PROJECT_VERSION = 1;
				GENERATE_INFOPLIST_FILE = YES;
				MACOSX_DEPLOYMENT_TARGET = 26.0;
				MARKETING_VERSION = 1.0;
				PRODUCT_BUNDLE_IDENTIFIER = org.mzb74.StrataUITests;
				PRODUCT_NAME = "$(TARGET_NAME)";
				SWIFT_EMIT_LOC_STRINGS = NO;
				SWIFT_VERSION = 6.0;
				TEST_TARGET_NAME = Strata;
			};
			name = Release;
		};
/* End XCBuildConfiguration section */

/* Begin XCConfigurationList section */
		100000000000000000000001 /* Build configuration list for PBXNativeTarget "Strata" */ = {
			isa = XCConfigurationList;
			buildConfigurations = (
				I00000000000000000000003 /* Debug */,
				I00000000000000000000004 /* Release */,
			);
			defaultConfigurationIsVisible = 0;
			defaultConfigurationName = Release;
		};
		100000000000000000000002 /* Build configuration list for PBXNativeTarget "StrataTests" */ = {
			isa = XCConfigurationList;
			buildConfigurations = (
				I00000000000000000000005 /* Debug */,
				I00000000000000000000006 /* Release */,
			);
			defaultConfigurationIsVisible = 0;
			defaultConfigurationName = Release;
		};
		100000000000000000000004 /* Build configuration list for PBXNativeTarget "StrataUITests" */ = {
			isa = XCConfigurationList;
			buildConfigurations = (
				I00000000000000000000007 /* Debug */,
				I00000000000000000000008 /* Release */,
			);
			defaultConfigurationIsVisible = 0;
			defaultConfigurationName = Release;
		};
		100000000000000000000003 /* Build configuration list for PBXProject "Strata" */ = {
			isa = XCConfigurationList;
			buildConfigurations = (
				I00000000000000000000001 /* Debug */,
				I00000000000000000000002 /* Release */,
			);
			defaultConfigurationIsVisible = 0;
			defaultConfigurationName = Release;
		};
/* End XCConfigurationList section */
	};
	rootObject = 100000000000000000000000 /* Project object */;
}
